
Microsoft Visual Studio Solution File, Format Version 12.00
# Visual Studio Version 16
VisualStudioVersion = 16.0.30717.126
MinimumVisualStudioVersion = 10.0.40219.1
Project("{FAE04EC0-301F-11D3-BF4B-00C04F79EFBC}") = "ADReport", "ADReport\ADReport.csproj", "{46819498-DBBD-4071-8200-1C513C434A07}"
EndProject
Global
	GlobalSection(SolutionConfigurationPlatforms) = preSolution
		Debug|Any CPU = Debug|Any CPU
		Release|Any CPU = Release|Any CPU
	EndGlobalSection
	GlobalSection(ProjectConfigurationPlatforms) = postSolution
		{46819498-DBBD-4071-8200-1C513C434A07}.Debug|Any CPU.ActiveCfg = Debug|Any CPU
		{46819498-DBBD-4071-8200-1C513C434A07}.Debug|Any CPU.Build.0 = Debug|Any CPU
		{46819498-DBBD-4071-8200-1C513C434A07}.Release|Any CPU.ActiveCfg = Release|Any CPU
		{46819498-DBBD-4071-8200-1C513C434A07}.Release|Any CPU.Build.0 = Release|Any CPU
	EndGlobalSection
	GlobalSection(SolutionProperties) = preSolution
		HideSolutionNode = FALSE
	EndGlobalSection
	GlobalSection(ExtensibilityGlobals) = postSolution
		SolutionGuid = {55F2BDAB-00B1-456D-B349-4141574C73A9}
	EndGlobalSection
EndGlobal
